
Microsoft Visual Studio Solution File, Format Version 12.00
# Visual Studio Version 16
VisualStudioVersion = 16.0.30406.217
MinimumVisualStudioVersion = 10.0.40219.1
Project("{FAE04EC0-301F-11D3-BF4B-00C04F79EFBC}") = "TabbedPageTest", "TabbedPageTest\TabbedPageTest\TabbedPageTest.csproj", "{CDC4FF7D-4952-414B-A746-782317E069CD}"
EndProject
Project("{FAE04EC0-301F-11D3-BF4B-00C04F79EFBC}") = "TabbedPageTest.Android", "TabbedPageTest\TabbedPageTest.Android\TabbedPageTest.Android.csproj", "{BA2CB63C-D85F-41A5-B934-A0DCF093860E}"
EndProject
Global
	GlobalSection(SolutionConfigurationPlatforms) = preSolution
		Debug|Any CPU = Debug|Any CPU
		Release|Any CPU = Release|Any CPU
	EndGlobalSection
	GlobalSection(ProjectConfigurationPlatforms) = postSolution
		{CDC4FF7D-4952-414B-A746-782317E069CD}.Debug|Any CPU.ActiveCfg = Debug|Any CPU
		{CDC4FF7D-4952-414B-A746-782317E069CD}.Debug|Any CPU.Build.0 = Debug|Any CPU
		{CDC4FF7D-4952-414B-A746-782317E069CD}.Release|Any CPU.ActiveCfg = Release|Any CPU
		{CDC4FF7D-4952-414B-A746-782317E069CD}.Release|Any CPU.Build.0 = Release|Any CPU
		{BA2CB63C-D85F-41A5-B934-A0DCF093860E}.Debug|Any CPU.ActiveCfg = Debug|Any CPU
		{BA2CB63C-D85F-41A5-B934-A0DCF093860E}.Debug|Any CPU.Build.0 = Debug|Any CPU
		{BA2CB63C-D85F-41A5-B934-A0DCF093860E}.Debug|Any CPU.Deploy.0 = Debug|Any CPU
		{BA2CB63C-D85F-41A5-B934-A0DCF093860E}.Release|Any CPU.ActiveCfg = Release|Any CPU
		{BA2CB63C-D85F-41A5-B934-A0DCF093860E}.Release|Any CPU.Build.0 = Release|Any CPU
		{BA2CB63C-D85F-41A5-B934-A0DCF093860E}.Release|Any CPU.Deploy.0 = Release|Any CPU
	EndGlobalSection
	GlobalSection(SolutionProperties) = preSolution
		HideSolutionNode = FALSE
	EndGlobalSection
	GlobalSection(ExtensibilityGlobals) = postSolution
		SolutionGuid = {AC70F080-32AF-492E-B3AC-9E4AE3A96061}
	EndGlobalSection
EndGlobal
